// !$*UTF8*$!
{
	archiveVersion = 1;
	classes = {
	};
	objectVersion = 50;
	objects = {

/* Begin PBXBuildFile section */
		90083EB1B45AC5482997EB29 /* libPods-iOSContactDetails.a in Frameworks */ = {isa = PBXBuildFile; fileRef = 089ADA3A34BCFA22B707A3A1 /* libPods-iOSContactDetails.a */; };
		A246691422F14E59009BE7D7 /* KeyboardAvoiding.swift in Sources */ = {isa = PBXBuildFile; fileRef = A246691322F14E59009BE7D7 /* KeyboardAvoiding.swift */; };
		A246691622F14ECC009BE7D7 /* AddEditContactDetailsViewController+TextViewDelegate.swift in Sources */ = {isa = PBXBuildFile; fileRef = A246691522F14ECC009BE7D7 /* AddEditContactDetailsViewController+TextViewDelegate.swift */; };
		A246691822F15854009BE7D7 /* ContactDetailViewController+MessageUI.swift in Sources */ = {isa = PBXBuildFile; fileRef = A246691722F15854009BE7D7 /* ContactDetailViewController+MessageUI.swift */; };
		A246691A22F15AE3009BE7D7 /* String+Call.swift in Sources */ = {isa = PBXBuildFile; fileRef = A246691922F15AE3009BE7D7 /* String+Call.swift */; };
		A274460522EEF728003B12E6 /* GradientView.swift in Sources */ = {isa = PBXBuildFile; fileRef = A274460422EEF728003B12E6 /* GradientView.swift */; };
		A274460722EF42F7003B12E6 /* AddEditContactDetailsViewModel.swift in Sources */ = {isa = PBXBuildFile; fileRef = A274460622EF42F7003B12E6 /* AddEditContactDetailsViewModel.swift */; };
		A274460922F00128003B12E6 /* Validation.swift in Sources */ = {isa = PBXBuildFile; fileRef = A274460822F00128003B12E6 /* Validation.swift */; };
		A274460C22F02101003B12E6 /* AddEditContactDetailsViewController.swift in Sources */ = {isa = PBXBuildFile; fileRef = A274460A22F02101003B12E6 /* AddEditContactDetailsViewController.swift */; };
		A274460D22F02101003B12E6 /* AddEditContactDetailsViewController.xib in Resources */ = {isa = PBXBuildFile; fileRef = A274460B22F02101003B12E6 /* AddEditContactDetailsViewController.xib */; };
		A274460F22F05A09003B12E6 /* UIViewController+Toast.swift in Sources */ = {isa = PBXBuildFile; fileRef = A274460E22F05A09003B12E6 /* UIViewController+Toast.swift */; };
		A2989AA722EB17A10069EFF0 /* AppDelegate.swift in Sources */ = {isa = PBXBuildFile; fileRef = A2989AA622EB17A10069EFF0 /* AppDelegate.swift */; };
		A2989AAE22EB17A70069EFF0 /* Assets.xcassets in Resources */ = {isa = PBXBuildFile; fileRef = A2989AAD22EB17A70069EFF0 /* Assets.xcassets */; };
		A2989ABA22EB17FE0069EFF0 /* HomeScreenViewController.swift in Sources */ = {isa = PBXBuildFile; fileRef = A2989AB822EB17FE0069EFF0 /* HomeScreenViewController.swift */; };
		A2989ABB22EB17FE0069EFF0 /* HomeScreenViewController.xib in Resources */ = {isa = PBXBuildFile; fileRef = A2989AB922EB17FE0069EFF0 /* HomeScreenViewController.xib */; };
		A2989ABD22EB191D0069EFF0 /* Podfile in Resources */ = {isa = PBXBuildFile; fileRef = A2989ABC22EB191D0069EFF0 /* Podfile */; };
		A2989AC022EB36B10069EFF0 /* HttClient.swift in Sources */ = {isa = PBXBuildFile; fileRef = A2989ABF22EB36B10069EFF0 /* HttClient.swift */; };
		A2989AC222EB36E10069EFF0 /* Route.swift in Sources */ = {isa = PBXBuildFile; fileRef = A2989AC122EB36E10069EFF0 /* Route.swift */; };
		A2989AC522EB3FAD0069EFF0 /* Network.swift in Sources */ = {isa = PBXBuildFile; fileRef = A2989AC422EB3FAD0069EFF0 /* Network.swift */; };
		A2989AC722EB3FCC0069EFF0 /* ServerConfig.swift in Sources */ = {isa = PBXBuildFile; fileRef = A2989AC622EB3FCC0069EFF0 /* ServerConfig.swift */; };
		A2989ACA22EC88130069EFF0 /* ContactInfoRequest.swift in Sources */ = {isa = PBXBuildFile; fileRef = A2989AC922EC88130069EFF0 /* ContactInfoRequest.swift */; };
		A2989ACD22EC8FC00069EFF0 /* Encoder+Dictionary.swift in Sources */ = {isa = PBXBuildFile; fileRef = A2989ACC22EC8FC00069EFF0 /* Encoder+Dictionary.swift */; };
		A2989ACF22EC9E540069EFF0 /* ServiceType.swift in Sources */ = {isa = PBXBuildFile; fileRef = A2989ACE22EC9E540069EFF0 /* ServiceType.swift */; };
		A2989AD122EC9F020069EFF0 /* ContactInfoTypes.swift in Sources */ = {isa = PBXBuildFile; fileRef = A2989AD022EC9F020069EFF0 /* ContactInfoTypes.swift */; };
		A2989AD322EC9FFC0069EFF0 /* ContactsInfoResponse.swift in Sources */ = {isa = PBXBuildFile; fileRef = A2989AD222EC9FFC0069EFF0 /* ContactsInfoResponse.swift */; };
		A2989AD522ED7AF10069EFF0 /* Operators.swift in Sources */ = {isa = PBXBuildFile; fileRef = A2989AD422ED7AF10069EFF0 /* Operators.swift */; };
		A2989AD722ED7BFB0069EFF0 /* DecodeType.swift in Sources */ = {isa = PBXBuildFile; fileRef = A2989AD622ED7BFB0069EFF0 /* DecodeType.swift */; };
		A2989ADA22ED86EE0069EFF0 /* ContactDetail.swift in Sources */ = {isa = PBXBuildFile; fileRef = A2989AD922ED86EE0069EFF0 /* ContactDetail.swift */; };
		A2989ADD22EDA4170069EFF0 /* ContactDetailsCRUDUsecase.swift in Sources */ = {isa = PBXBuildFile; fileRef = A2989ADC22EDA4170069EFF0 /* ContactDetailsCRUDUsecase.swift */; };
		A2989ADF22EE05060069EFF0 /* ContactsUsecase.swift in Sources */ = {isa = PBXBuildFile; fileRef = A2989ADE22EE05060069EFF0 /* ContactsUsecase.swift */; };
		A2989AE122EE0CFE0069EFF0 /* ContactDetailUsecase.swift in Sources */ = {isa = PBXBuildFile; fileRef = A2989AE022EE0CFE0069EFF0 /* ContactDetailUsecase.swift */; };
		A2989AE422EE17F10069EFF0 /* ContactListViewModel.swift in Sources */ = {isa = PBXBuildFile; fileRef = A2989AE322EE17F10069EFF0 /* ContactListViewModel.swift */; };
		A2989AE622EE184E0069EFF0 /* ContactDetailsViewModel.swift in Sources */ = {isa = PBXBuildFile; fileRef = A2989AE522EE184E0069EFF0 /* ContactDetailsViewModel.swift */; };
		A2989AE922EE20620069EFF0 /* ContactListViewModel+TableView.swift in Sources */ = {isa = PBXBuildFile; fileRef = A2989AE822EE20620069EFF0 /* ContactListViewModel+TableView.swift */; };
		A2989AEB22EE23C80069EFF0 /* ContactCellViewModel.swift in Sources */ = {isa = PBXBuildFile; fileRef = A2989AEA22EE23C80069EFF0 /* ContactCellViewModel.swift */; };
		A2989AED22EE26200069EFF0 /* Collection+Subscript.swift in Sources */ = {isa = PBXBuildFile; fileRef = A2989AEC22EE26200069EFF0 /* Collection+Subscript.swift */; };
		A2989AF022EE2C080069EFF0 /* PulseAnimationView.swift in Sources */ = {isa = PBXBuildFile; fileRef = A2989AEF22EE2C080069EFF0 /* PulseAnimationView.swift */; };
		A2989AF222EE2C1C0069EFF0 /* Loader.swift in Sources */ = {isa = PBXBuildFile; fileRef = A2989AF122EE2C1C0069EFF0 /* Loader.swift */; };
		A2989AF622EE2D550069EFF0 /* ContactListTableViewCell.swift in Sources */ = {isa = PBXBuildFile; fileRef = A2989AF422EE2D550069EFF0 /* ContactListTableViewCell.swift */; };
		A2989AF722EE2D550069EFF0 /* ContactListTableViewCell.xib in Resources */ = {isa = PBXBuildFile; fileRef = A2989AF522EE2D550069EFF0 /* ContactListTableViewCell.xib */; };
		A2989AF922EE2D870069EFF0 /* UITableView+RegisterCells.swift in Sources */ = {isa = PBXBuildFile; fileRef = A2989AF822EE2D870069EFF0 /* UITableView+RegisterCells.swift */; };
		A2989AFC22EE3A020069EFF0 /* HomeScreenViewController+TableView.swift in Sources */ = {isa = PBXBuildFile; fileRef = A2989AFB22EE3A020069EFF0 /* HomeScreenViewController+TableView.swift */; };
		A2989AFF22EE51900069EFF0 /* ContactDetailViewController.swift in Sources */ = {isa = PBXBuildFile; fileRef = A2989AFD22EE51900069EFF0 /* ContactDetailViewController.swift */; };
		A2989B0022EE51900069EFF0 /* ContactDetailViewController.xib in Resources */ = {isa = PBXBuildFile; fileRef = A2989AFE22EE51900069EFF0 /* ContactDetailViewController.xib */; };
		A2B1322E22F18CD60023A132 /* iOSContactDetailsUnitTests.swift in Sources */ = {isa = PBXBuildFile; fileRef = A2B1322D22F18CD60023A132 /* iOSContactDetailsUnitTests.swift */; };
		A2B1323C22F18D150023A132 /* iOSContactDetailsUITests.swift in Sources */ = {isa = PBXBuildFile; fileRef = A2B1323B22F18D150023A132 /* iOSContactDetailsUITests.swift */; };
/* End PBXBuildFile section */

/* Begin PBXContainerItemProxy section */
		A2B1323022F18CD60023A132 /* PBXContainerItemProxy */ = {
			isa = PBXContainerItemProxy;
			containerPortal = A2989A9B22EB17A00069EFF0 /* Project object */;
			proxyType = 1;
			remoteGlobalIDString = A2989AA222EB17A00069EFF0;
			remoteInfo = iOSContactDetails;
		};
		A2B1323E22F18D150023A132 /* PBXContainerItemProxy */ = {
			isa = PBXContainerItemProxy;
			containerPortal = A2989A9B22EB17A00069EFF0 /* Project object */;
			proxyType = 1;
			remoteGlobalIDString = A2989AA222EB17A00069EFF0;
			remoteInfo = iOSContactDetails;
		};
/* End PBXContainerItemProxy section */

/* Begin PBXFileReference section */
		089ADA3A34BCFA22B707A3A1 /* libPods-iOSContactDetails.a */ = {isa = PBXFileReference; explicitFileType = archive.ar; includeInIndex = 0; path = "libPods-iOSContactDetails.a"; sourceTree = BUILT_PRODUCTS_DIR; };
		84C56F0E04B0F444EA5311CD /* Pods-iOSContactDetails.release.xcconfig */ = {isa = PBXFileReference; includeInIndex = 1; lastKnownFileType = text.xcconfig; name = "Pods-iOSContactDetails.release.xcconfig"; path = "Target Support Files/Pods-iOSContactDetails/Pods-iOSContactDetails.release.xcconfig"; sourceTree = "<group>"; };
		A246691322F14E59009BE7D7 /* KeyboardAvoiding.swift */ = {isa = PBXFileReference; lastKnownFileType = sourcecode.swift; path = KeyboardAvoiding.swift; sourceTree = "<group>"; };
		A246691522F14ECC009BE7D7 /* AddEditContactDetailsViewController+TextViewDelegate.swift */ = {isa = PBXFileReference; lastKnownFileType = sourcecode.swift; path = "AddEditContactDetailsViewController+TextViewDelegate.swift"; sourceTree = "<group>"; };
		A246691722F15854009BE7D7 /* ContactDetailViewController+MessageUI.swift */ = {isa = PBXFileReference; lastKnownFileType = sourcecode.swift; path = "ContactDetailViewController+MessageUI.swift"; sourceTree = "<group>"; };
		A246691922F15AE3009BE7D7 /* String+Call.swift */ = {isa = PBXFileReference; lastKnownFileType = sourcecode.swift; path = "String+Call.swift"; sourceTree = "<group>"; };
		A274460422EEF728003B12E6 /* GradientView.swift */ = {isa = PBXFileReference; lastKnownFileType = sourcecode.swift; path = GradientView.swift; sourceTree = "<group>"; };
		A274460622EF42F7003B12E6 /* AddEditContactDetailsViewModel.swift */ = {isa = PBXFileReference; lastKnownFileType = sourcecode.swift; path = AddEditContactDetailsViewModel.swift; sourceTree = "<group>"; };
		A274460822F00128003B12E6 /* Validation.swift */ = {isa = PBXFileReference; lastKnownFileType = sourcecode.swift; path = Validation.swift; sourceTree = "<group>"; };
		A274460A22F02101003B12E6 /* AddEditContactDetailsViewController.swift */ = {isa = PBXFileReference; lastKnownFileType = sourcecode.swift; path = AddEditContactDetailsViewController.swift; sourceTree = "<group>"; };
		A274460B22F02101003B12E6 /* AddEditContactDetailsViewController.xib */ = {isa = PBXFileReference; lastKnownFileType = file.xib; path = AddEditContactDetailsViewController.xib; sourceTree = "<group>"; };
		A274460E22F05A09003B12E6 /* UIViewController+Toast.swift */ = {isa = PBXFileReference; lastKnownFileType = sourcecode.swift; path = "UIViewController+Toast.swift"; sourceTree = "<group>"; };
		A2989AA322EB17A10069EFF0 /* iOSContactDetails.app */ = {isa = PBXFileReference; explicitFileType = wrapper.application; includeInIndex = 0; path = iOSContactDetails.app; sourceTree = BUILT_PRODUCTS_DIR; };
		A2989AA622EB17A10069EFF0 /* AppDelegate.swift */ = {isa = PBXFileReference; lastKnownFileType = sourcecode.swift; path = AppDelegate.swift; sourceTree = "<group>"; };
		A2989AAD22EB17A70069EFF0 /* Assets.xcassets */ = {isa = PBXFileReference; lastKnownFileType = folder.assetcatalog; path = Assets.xcassets; sourceTree = "<group>"; };
		A2989AB222EB17A70069EFF0 /* Info.plist */ = {isa = PBXFileReference; lastKnownFileType = text.plist.xml; path = Info.plist; sourceTree = "<group>"; };
		A2989AB822EB17FE0069EFF0 /* HomeScreenViewController.swift */ = {isa = PBXFileReference; lastKnownFileType = sourcecode.swift; path = HomeScreenViewController.swift; sourceTree = "<group>"; };
		A2989AB922EB17FE0069EFF0 /* HomeScreenViewController.xib */ = {isa = PBXFileReference; lastKnownFileType = file.xib; path = HomeScreenViewController.xib; sourceTree = "<group>"; };
		A2989ABC22EB191D0069EFF0 /* Podfile */ = {isa = PBXFileReference; fileEncoding = 4; lastKnownFileType = text; name = Podfile; path = ../Podfile; sourceTree = "<group>"; xcLanguageSpecificationIdentifier = xcode.lang.ruby; };
		A2989ABF22EB36B10069EFF0 /* HttClient.swift */ = {isa = PBXFileReference; lastKnownFileType = sourcecode.swift; path = HttClient.swift; sourceTree = "<group>"; };
		A2989AC122EB36E10069EFF0 /* Route.swift */ = {isa = PBXFileReference; lastKnownFileType = sourcecode.swift; path = Route.swift; sourceTree = "<group>"; };
		A2989AC422EB3FAD0069EFF0 /* Network.swift */ = {isa = PBXFileReference; lastKnownFileType = sourcecode.swift; path = Network.swift; sourceTree = "<group>"; };
		A2989AC622EB3FCC0069EFF0 /* ServerConfig.swift */ = {isa = PBXFileReference; lastKnownFileType = sourcecode.swift; path = ServerConfig.swift; sourceTree = "<group>"; };
		A2989AC922EC88130069EFF0 /* ContactInfoRequest.swift */ = {isa = PBXFileReference; lastKnownFileType = sourcecode.swift; path = ContactInfoRequest.swift; sourceTree = "<group>"; };
		A2989ACC22EC8FC00069EFF0 /* Encoder+Dictionary.swift */ = {isa = PBXFileReference; lastKnownFileType = sourcecode.swift; path = "Encoder+Dictionary.swift"; sourceTree = "<group>"; };
		A2989ACE22EC9E540069EFF0 /* ServiceType.swift */ = {isa = PBXFileReference; lastKnownFileType = sourcecode.swift; path = ServiceType.swift; sourceTree = "<group>"; };
		A2989AD022EC9F020069EFF0 /* ContactInfoTypes.swift */ = {isa = PBXFileReference; lastKnownFileType = sourcecode.swift; path = ContactInfoTypes.swift; sourceTree = "<group>"; };
		A2989AD222EC9FFC0069EFF0 /* ContactsInfoResponse.swift */ = {isa = PBXFileReference; lastKnownFileType = sourcecode.swift; path = ContactsInfoResponse.swift; sourceTree = "<group>"; };
		A2989AD422ED7AF10069EFF0 /* Operators.swift */ = {isa = PBXFileReference; lastKnownFileType = sourcecode.swift; path = Operators.swift; sourceTree = "<group>"; };
		A2989AD622ED7BFB0069EFF0 /* DecodeType.swift */ = {isa = PBXFileReference; lastKnownFileType = sourcecode.swift; path = DecodeType.swift; sourceTree = "<group>"; };
		A2989AD922ED86EE0069EFF0 /* ContactDetail.swift */ = {isa = PBXFileReference; lastKnownFileType = sourcecode.swift; path = ContactDetail.swift; sourceTree = "<group>"; };
		A2989ADC22EDA4170069EFF0 /* ContactDetailsCRUDUsecase.swift */ = {isa = PBXFileReference; lastKnownFileType = sourcecode.swift; path = ContactDetailsCRUDUsecase.swift; sourceTree = "<group>"; };
		A2989ADE22EE05060069EFF0 /* ContactsUsecase.swift */ = {isa = PBXFileReference; lastKnownFileType = sourcecode.swift; path = ContactsUsecase.swift; sourceTree = "<group>"; };
		A2989AE022EE0CFE0069EFF0 /* ContactDetailUsecase.swift */ = {isa = PBXFileReference; lastKnownFileType = sourcecode.swift; path = ContactDetailUsecase.swift; sourceTree = "<group>"; };
		A2989AE322EE17F10069EFF0 /* ContactListViewModel.swift */ = {isa = PBXFileReference; lastKnownFileType = sourcecode.swift; path = ContactListViewModel.swift; sourceTree = "<group>"; };
		A2989AE522EE184E0069EFF0 /* ContactDetailsViewModel.swift */ = {isa = PBXFileReference; lastKnownFileType = sourcecode.swift; path = ContactDetailsViewModel.swift; sourceTree = "<group>"; };
		A2989AE822EE20620069EFF0 /* ContactListViewModel+TableView.swift */ = {isa = PBXFileReference; lastKnownFileType = sourcecode.swift; path = "ContactListViewModel+TableView.swift"; sourceTree = "<group>"; };
		A2989AEA22EE23C80069EFF0 /* ContactCellViewModel.swift */ = {isa = PBXFileReference; lastKnownFileType = sourcecode.swift; path = ContactCellViewModel.swift; sourceTree = "<group>"; };
		A2989AEC22EE26200069EFF0 /* Collection+Subscript.swift */ = {isa = PBXFileReference; lastKnownFileType = sourcecode.swift; path = "Collection+Subscript.swift"; sourceTree = "<group>"; };
		A2989AEF22EE2C080069EFF0 /* PulseAnimationView.swift */ = {isa = PBXFileReference; lastKnownFileType = sourcecode.swift; path = PulseAnimationView.swift; sourceTree = "<group>"; };
		A2989AF122EE2C1C0069EFF0 /* Loader.swift */ = {isa = PBXFileReference; lastKnownFileType = sourcecode.swift; path = Loader.swift; sourceTree = "<group>"; };
		A2989AF422EE2D550069EFF0 /* ContactListTableViewCell.swift */ = {isa = PBXFileReference; lastKnownFileType = sourcecode.swift; path = ContactListTableViewCell.swift; sourceTree = "<group>"; };
		A2989AF522EE2D550069EFF0 /* ContactListTableViewCell.xib */ = {isa = PBXFileReference; lastKnownFileType = file.xib; path = ContactListTableViewCell.xib; sourceTree = "<group>"; };
		A2989AF822EE2D870069EFF0 /* UITableView+RegisterCells.swift */ = {isa = PBXFileReference; lastKnownFileType = sourcecode.swift; path = "UITableView+RegisterCells.swift"; sourceTree = "<group>"; };
		A2989AFB22EE3A020069EFF0 /* HomeScreenViewController+TableView.swift */ = {isa = PBXFileReference; lastKnownFileType = sourcecode.swift; path = "HomeScreenViewController+TableView.swift"; sourceTree = "<group>"; };
		A2989AFD22EE51900069EFF0 /* ContactDetailViewController.swift */ = {isa = PBXFileReference; lastKnownFileType = sourcecode.swift; path = ContactDetailViewController.swift; sourceTree = "<group>"; };
		A2989AFE22EE51900069EFF0 /* ContactDetailViewController.xib */ = {isa = PBXFileReference; lastKnownFileType = file.xib; path = ContactDetailViewController.xib; sourceTree = "<group>"; };
		A2B1322B22F18CD60023A132 /* iOSContactDetailsUnitTests.xctest */ = {isa = PBXFileReference; explicitFileType = wrapper.cfbundle; includeInIndex = 0; path = iOSContactDetailsUnitTests.xctest; sourceTree = BUILT_PRODUCTS_DIR; };
		A2B1322D22F18CD60023A132 /* iOSContactDetailsUnitTests.swift */ = {isa = PBXFileReference; lastKnownFileType = sourcecode.swift; path = iOSContactDetailsUnitTests.swift; sourceTree = "<group>"; };
		A2B1322F22F18CD60023A132 /* Info.plist */ = {isa = PBXFileReference; lastKnownFileType = text.plist.xml; path = Info.plist; sourceTree = "<group>"; };
		A2B1323922F18D150023A132 /* iOSContactDetailsUITests.xctest */ = {isa = PBXFileReference; explicitFileType = wrapper.cfbundle; includeInIndex = 0; path = iOSContactDetailsUITests.xctest; sourceTree = BUILT_PRODUCTS_DIR; };
		A2B1323B22F18D150023A132 /* iOSContactDetailsUITests.swift */ = {isa = PBXFileReference; lastKnownFileType = sourcecode.swift; path = iOSContactDetailsUITests.swift; sourceTree = "<group>"; };
		A2B1323D22F18D150023A132 /* Info.plist */ = {isa = PBXFileReference; lastKnownFileType = text.plist.xml; path = Info.plist; sourceTree = "<group>"; };
		AADC5109082E96858210970D /* Pods-iOSContactDetails.debug.xcconfig */ = {isa = PBXFileReference; includeInIndex = 1; lastKnownFileType = text.xcconfig; name = "Pods-iOSContactDetails.debug.xcconfig"; path = "Target Support Files/Pods-iOSContactDetails/Pods-iOSContactDetails.debug.xcconfig"; sourceTree = "<group>"; };
/* End PBXFileReference section */

/* Begin PBXFrameworksBuildPhase section */
		A2989AA022EB17A00069EFF0 /* Frameworks */ = {
			isa = PBXFrameworksBuildPhase;
			buildActionMask = 2147483647;
			files = (
				90083EB1B45AC5482997EB29 /* libPods-iOSContactDetails.a in Frameworks */,
			);
			runOnlyForDeploymentPostprocessing = 0;
		};
		A2B1322822F18CD60023A132 /* Frameworks */ = {
			isa = PBXFrameworksBuildPhase;
			buildActionMask = 2147483647;
			files = (
			);
			runOnlyForDeploymentPostprocessing = 0;
		};
		A2B1323622F18D150023A132 /* Frameworks */ = {
			isa = PBXFrameworksBuildPhase;
			buildActionMask = 2147483647;
			files = (
			);
			runOnlyForDeploymentPostprocessing = 0;
		};
/* End PBXFrameworksBuildPhase section */

/* Begin PBXGroup section */
		31014BAB19057BFC61666060 /* Pods */ = {
			isa = PBXGroup;
			children = (
				AADC5109082E96858210970D /* Pods-iOSContactDetails.debug.xcconfig */,
				84C56F0E04B0F444EA5311CD /* Pods-iOSContactDetails.release.xcconfig */,
			);
			name = Pods;
			path = ../Pods;
			sourceTree = "<group>";
		};
		8C6758EEBF8AFDA16533430D /* Frameworks */ = {
			isa = PBXGroup;
			children = (
				089ADA3A34BCFA22B707A3A1 /* libPods-iOSContactDetails.a */,
			);
			name = Frameworks;
			sourceTree = "<group>";
		};
		A2989A9A22EB17A00069EFF0 = {
			isa = PBXGroup;
			children = (
				A2989ABC22EB191D0069EFF0 /* Podfile */,
				A2989AA522EB17A10069EFF0 /* iOSContactDetails */,
				A2B1322C22F18CD60023A132 /* iOSContactDetailsUnitTests */,
				A2B1323A22F18D150023A132 /* iOSContactDetailsUITests */,
				A2989AA422EB17A10069EFF0 /* Products */,
				31014BAB19057BFC61666060 /* Pods */,
				8C6758EEBF8AFDA16533430D /* Frameworks */,
			);
			sourceTree = "<group>";
		};
		A2989AA422EB17A10069EFF0 /* Products */ = {
			isa = PBXGroup;
			children = (
				A2989AA322EB17A10069EFF0 /* iOSContactDetails.app */,
				A2B1322B22F18CD60023A132 /* iOSContactDetailsUnitTests.xctest */,
				A2B1323922F18D150023A132 /* iOSContactDetailsUITests.xctest */,
			);
			name = Products;
			sourceTree = "<group>";
		};
		A2989AA522EB17A10069EFF0 /* iOSContactDetails */ = {
			isa = PBXGroup;
			children = (
				A2989AEE22EE2B610069EFF0 /* ViewControllers */,
				A2989AE222EE17D20069EFF0 /* ViewModels */,
				A2989ADB22EDA3C30069EFF0 /* Usecases */,
				A2989AC822EC87FC0069EFF0 /* Models */,
				A2989AC322EB3CA10069EFF0 /* Utilities */,
				A2989ABE22EB366F0069EFF0 /* Services */,
				A2989AA622EB17A10069EFF0 /* AppDelegate.swift */,
				A2989AAD22EB17A70069EFF0 /* Assets.xcassets */,
				A2989AB222EB17A70069EFF0 /* Info.plist */,
			);
			path = iOSContactDetails;
			sourceTree = "<group>";
		};
		A2989ABE22EB366F0069EFF0 /* Services */ = {
			isa = PBXGroup;
			children = (
				A2989ABF22EB36B10069EFF0 /* HttClient.swift */,
				A2989AC122EB36E10069EFF0 /* Route.swift */,
				A2989AC622EB3FCC0069EFF0 /* ServerConfig.swift */,
				A2989ACE22EC9E540069EFF0 /* ServiceType.swift */,
				A2989AD622ED7BFB0069EFF0 /* DecodeType.swift */,
			);
			path = Services;
			sourceTree = "<group>";
		};
		A2989AC322EB3CA10069EFF0 /* Utilities */ = {
			isa = PBXGroup;
			children = (
				A2989AC422EB3FAD0069EFF0 /* Network.swift */,
				A2989ACC22EC8FC00069EFF0 /* Encoder+Dictionary.swift */,
				A2989AD422ED7AF10069EFF0 /* Operators.swift */,
				A2989AEC22EE26200069EFF0 /* Collection+Subscript.swift */,
				A2989AEF22EE2C080069EFF0 /* PulseAnimationView.swift */,
				A2989AF122EE2C1C0069EFF0 /* Loader.swift */,
				A2989AF822EE2D870069EFF0 /* UITableView+RegisterCells.swift */,
				A274460422EEF728003B12E6 /* GradientView.swift */,
				A274460822F00128003B12E6 /* Validation.swift */,
				A246691322F14E59009BE7D7 /* KeyboardAvoiding.swift */,
				A246691922F15AE3009BE7D7 /* String+Call.swift */,
			);
			path = Utilities;
			sourceTree = "<group>";
		};
		A2989AC822EC87FC0069EFF0 /* Models */ = {
			isa = PBXGroup;
			children = (
				A2989AD822ED86D90069EFF0 /* Domain */,
				A2989AC922EC88130069EFF0 /* ContactInfoRequest.swift */,
				A2989AD022EC9F020069EFF0 /* ContactInfoTypes.swift */,
				A2989AD222EC9FFC0069EFF0 /* ContactsInfoResponse.swift */,
			);
			path = Models;
			sourceTree = "<group>";
		};
		A2989AD822ED86D90069EFF0 /* Domain */ = {
			isa = PBXGroup;
			children = (
				A2989AD922ED86EE0069EFF0 /* ContactDetail.swift */,
			);
			path = Domain;
			sourceTree = "<group>";
		};
		A2989ADB22EDA3C30069EFF0 /* Usecases */ = {
			isa = PBXGroup;
			children = (
				A2989ADC22EDA4170069EFF0 /* ContactDetailsCRUDUsecase.swift */,
				A2989ADE22EE05060069EFF0 /* ContactsUsecase.swift */,
				A2989AE022EE0CFE0069EFF0 /* ContactDetailUsecase.swift */,
			);
			path = Usecases;
			sourceTree = "<group>";
		};
		A2989AE222EE17D20069EFF0 /* ViewModels */ = {
			isa = PBXGroup;
			children = (
				A2989AE722EE20430069EFF0 /* Extensions */,
				A2989AE322EE17F10069EFF0 /* ContactListViewModel.swift */,
				A2989AE522EE184E0069EFF0 /* ContactDetailsViewModel.swift */,
				A2989AEA22EE23C80069EFF0 /* ContactCellViewModel.swift */,
				A274460622EF42F7003B12E6 /* AddEditContactDetailsViewModel.swift */,
			);
			path = ViewModels;
			sourceTree = "<group>";
		};
		A2989AE722EE20430069EFF0 /* Extensions */ = {
			isa = PBXGroup;
			children = (
				A2989AE822EE20620069EFF0 /* ContactListViewModel+TableView.swift */,
			);
			path = Extensions;
			sourceTree = "<group>";
		};
		A2989AEE22EE2B610069EFF0 /* ViewControllers */ = {
			isa = PBXGroup;
			children = (
				A2989AFA22EE39F20069EFF0 /* Extensions */,
				A2989AF322EE2D270069EFF0 /* Cells */,
				A2989AB822EB17FE0069EFF0 /* HomeScreenViewController.swift */,
				A2989AB922EB17FE0069EFF0 /* HomeScreenViewController.xib */,
				A2989AFD22EE51900069EFF0 /* ContactDetailViewController.swift */,
				A2989AFE22EE51900069EFF0 /* ContactDetailViewController.xib */,
				A274460A22F02101003B12E6 /* AddEditContactDetailsViewController.swift */,
				A274460B22F02101003B12E6 /* AddEditContactDetailsViewController.xib */,
			);
			path = ViewControllers;
			sourceTree = "<group>";
		};
		A2989AF322EE2D270069EFF0 /* Cells */ = {
			isa = PBXGroup;
			children = (
				A2989AF422EE2D550069EFF0 /* ContactListTableViewCell.swift */,
				A2989AF522EE2D550069EFF0 /* ContactListTableViewCell.xib */,
			);
			path = Cells;
			sourceTree = "<group>";
		};
		A2989AFA22EE39F20069EFF0 /* Extensions */ = {
			isa = PBXGroup;
			children = (
				A2989AFB22EE3A020069EFF0 /* HomeScreenViewController+TableView.swift */,
				A274460E22F05A09003B12E6 /* UIViewController+Toast.swift */,
				A246691522F14ECC009BE7D7 /* AddEditContactDetailsViewController+TextViewDelegate.swift */,
				A246691722F15854009BE7D7 /* ContactDetailViewController+MessageUI.swift */,
			);
			path = Extensions;
			sourceTree = "<group>";
		};
		A2B1322C22F18CD60023A132 /* iOSContactDetailsUnitTests */ = {
			isa = PBXGroup;
			children = (
				A2B1322D22F18CD60023A132 /* iOSContactDetailsUnitTests.swift */,
				A2B1322F22F18CD60023A132 /* Info.plist */,
			);
			path = iOSContactDetailsUnitTests;
			sourceTree = "<group>";
		};
		A2B1323A22F18D150023A132 /* iOSContactDetailsUITests */ = {
			isa = PBXGroup;
			children = (
				A2B1323B22F18D150023A132 /* iOSContactDetailsUITests.swift */,
				A2B1323D22F18D150023A132 /* Info.plist */,
			);
			path = iOSContactDetailsUITests;
			sourceTree = "<group>";
		};
/* End PBXGroup section */

/* Begin PBXNativeTarget section */
		A2989AA222EB17A00069EFF0 /* iOSContactDetails */ = {
			isa = PBXNativeTarget;
			buildConfigurationList = A2989AB522EB17A70069EFF0 /* Build configuration list for PBXNativeTarget "iOSContactDetails" */;
			buildPhases = (
				CB20709110A73C8148690406 /* [CP] Check Pods Manifest.lock */,
				A2989A9F22EB17A00069EFF0 /* Sources */,
				A2989AA022EB17A00069EFF0 /* Frameworks */,
				A2989AA122EB17A00069EFF0 /* Resources */,
			);
			buildRules = (
			);
			dependencies = (
			);
			name = iOSContactDetails;
			productName = iOSContactDetails;
			productReference = A2989AA322EB17A10069EFF0 /* iOSContactDetails.app */;
			productType = "com.apple.product-type.application";
		};
		A2B1322A22F18CD60023A132 /* iOSContactDetailsUnitTests */ = {
			isa = PBXNativeTarget;
			buildConfigurationList = A2B1323422F18CD60023A132 /* Build configuration list for PBXNativeTarget "iOSContactDetailsUnitTests" */;
			buildPhases = (
				A2B1322722F18CD60023A132 /* Sources */,
				A2B1322822F18CD60023A132 /* Frameworks */,
				A2B1322922F18CD60023A132 /* Resources */,
			);
			buildRules = (
			);
			dependencies = (
				A2B1323122F18CD60023A132 /* PBXTargetDependency */,
			);
			name = iOSContactDetailsUnitTests;
			productName = iOSContactDetailsUnitTests;
			productReference = A2B1322B22F18CD60023A132 /* iOSContactDetailsUnitTests.xctest */;
			productType = "com.apple.product-type.bundle.unit-test";
		};
		A2B1323822F18D150023A132 /* iOSContactDetailsUITests */ = {
			isa = PBXNativeTarget;
			buildConfigurationList = A2B1324022F18D150023A132 /* Build configuration list for PBXNativeTarget "iOSContactDetailsUITests" */;
			buildPhases = (
				A2B1323522F18D150023A132 /* Sources */,
				A2B1323622F18D150023A132 /* Frameworks */,
				A2B1323722F18D150023A132 /* Resources */,
			);
			buildRules = (
			);
			dependencies = (
				A2B1323F22F18D150023A132 /* PBXTargetDependency */,
			);
			name = iOSContactDetailsUITests;
			productName = iOSContactDetailsUITests;
			productReference = A2B1323922F18D150023A132 /* iOSContactDetailsUITests.xctest */;
			productType = "com.apple.product-type.bundle.ui-testing";
		};
/* End PBXNativeTarget section */

/* Begin PBXProject section */
		A2989A9B22EB17A00069EFF0 /* Project object */ = {
			isa = PBXProject;
			attributes = {
				LastSwiftUpdateCheck = 1020;
				LastUpgradeCheck = 1020;
				ORGANIZATIONNAME = "Balraj Singh";
				TargetAttributes = {
					A2989AA222EB17A00069EFF0 = {
						CreatedOnToolsVersion = 10.2.1;
					};
					A2B1322A22F18CD60023A132 = {
						CreatedOnToolsVersion = 10.2.1;
						TestTargetID = A2989AA222EB17A00069EFF0;
					};
					A2B1323822F18D150023A132 = {
						CreatedOnToolsVersion = 10.2.1;
						TestTargetID = A2989AA222EB17A00069EFF0;
					};
				};
			};
			buildConfigurationList = A2989A9E22EB17A00069EFF0 /* Build configuration list for PBXProject "iOSContactDetails" */;
			compatibilityVersion = "Xcode 9.3";
			developmentRegion = en;
			hasScannedForEncodings = 0;
			knownRegions = (
				en,
				Base,
			);
			mainGroup = A2989A9A22EB17A00069EFF0;
			productRefGroup = A2989AA422EB17A10069EFF0 /* Products */;
			projectDirPath = "";
			projectRoot = "";
			targets = (
				A2989AA222EB17A00069EFF0 /* iOSContactDetails */,
				A2B1322A22F18CD60023A132 /* iOSContactDetailsUnitTests */,
				A2B1323822F18D150023A132 /* iOSContactDetailsUITests */,
			);
		};
/* End PBXProject section */

/* Begin PBXResourcesBuildPhase section */
		A2989AA122EB17A00069EFF0 /* Resources */ = {
			isa = PBXResourcesBuildPhase;
			buildActionMask = 2147483647;
			files = (
				A2989AF722EE2D550069EFF0 /* ContactListTableViewCell.xib in Resources */,
				A2989ABD22EB191D0069EFF0 /* Podfile in Resources */,
				A2989ABB22EB17FE0069EFF0 /* HomeScreenViewController.xib in Resources */,
				A2989B0022EE51900069EFF0 /* ContactDetailViewController.xib in Resources */,
				A274460D22F02101003B12E6 /* AddEditContactDetailsViewController.xib in Resources */,
				A2989AAE22EB17A70069EFF0 /* Assets.xcassets in Resources */,
			);
			runOnlyForDeploymentPostprocessing = 0;
		};
		A2B1322922F18CD60023A132 /* Resources */ = {
			isa = PBXResourcesBuildPhase;
			buildActionMask = 2147483647;
			files = (
			);
			runOnlyForDeploymentPostprocessing = 0;
		};
		A2B1323722F18D150023A132 /* Resources */ = {
			isa = PBXResourcesBuildPhase;
			buildActionMask = 2147483647;
			files = (
			);
			runOnlyForDeploymentPostprocessing = 0;
		};
/* End PBXResourcesBuildPhase section */

/* Begin PBXShellScriptBuildPhase section */
		CB20709110A73C8148690406 /* [CP] Check Pods Manifest.lock */ = {
			isa = PBXShellScriptBuildPhase;
			buildActionMask = 2147483647;
			files = (
			);
			inputFileListPaths = (
			);
			inputPaths = (
				"${PODS_PODFILE_DIR_PATH}/Podfile.lock",
				"${PODS_ROOT}/Manifest.lock",
			);
			name = "[CP] Check Pods Manifest.lock";
			outputFileListPaths = (
			);
			outputPaths = (
				"$(DERIVED_FILE_DIR)/Pods-iOSContactDetails-checkManifestLockResult.txt",
			);
			runOnlyForDeploymentPostprocessing = 0;
			shellPath = /bin/sh;
			shellScript = "diff \"${PODS_PODFILE_DIR_PATH}/Podfile.lock\" \"${PODS_ROOT}/Manifest.lock\" > /dev/null\nif [ $? != 0 ] ; then\n    # print error to STDERR\n    echo \"error: The sandbox is not in sync with the Podfile.lock. Run 'pod install' or update your CocoaPods installation.\" >&2\n    exit 1\nfi\n# This output is used by Xcode 'outputs' to avoid re-running this script phase.\necho \"SUCCESS\" > \"${SCRIPT_OUTPUT_FILE_0}\"\n";
			showEnvVarsInLog = 0;
		};
/* End PBXShellScriptBuildPhase section */

/* Begin PBXSourcesBuildPhase section */
		A2989A9F22EB17A00069EFF0 /* Sources */ = {
			isa = PBXSourcesBuildPhase;
			buildActionMask = 2147483647;
			files = (
				A2989AC522EB3FAD0069EFF0 /* Network.swift in Sources */,
				A2989AF622EE2D550069EFF0 /* ContactListTableViewCell.swift in Sources */,
				A2989AA722EB17A10069EFF0 /* AppDelegate.swift in Sources */,
				A2989AD122EC9F020069EFF0 /* ContactInfoTypes.swift in Sources */,
				A274460C22F02101003B12E6 /* AddEditContactDetailsViewController.swift in Sources */,
				A2989AFC22EE3A020069EFF0 /* HomeScreenViewController+TableView.swift in Sources */,
				A2989AC222EB36E10069EFF0 /* Route.swift in Sources */,
				A2989AF022EE2C080069EFF0 /* PulseAnimationView.swift in Sources */,
				A2989AC022EB36B10069EFF0 /* HttClient.swift in Sources */,
				A274460722EF42F7003B12E6 /* AddEditContactDetailsViewModel.swift in Sources */,
				A246691822F15854009BE7D7 /* ContactDetailViewController+MessageUI.swift in Sources */,
				A2989AE122EE0CFE0069EFF0 /* ContactDetailUsecase.swift in Sources */,
				A2989AEB22EE23C80069EFF0 /* ContactCellViewModel.swift in Sources */,
				A2989AFF22EE51900069EFF0 /* ContactDetailViewController.swift in Sources */,
				A2989AD522ED7AF10069EFF0 /* Operators.swift in Sources */,
				A2989AF922EE2D870069EFF0 /* UITableView+RegisterCells.swift in Sources */,
				A246691A22F15AE3009BE7D7 /* String+Call.swift in Sources */,
				A2989AD722ED7BFB0069EFF0 /* DecodeType.swift in Sources */,
				A274460922F00128003B12E6 /* Validation.swift in Sources */,
				A2989ADA22ED86EE0069EFF0 /* ContactDetail.swift in Sources */,
				A2989AE422EE17F10069EFF0 /* ContactListViewModel.swift in Sources */,
				A274460F22F05A09003B12E6 /* UIViewController+Toast.swift in Sources */,
				A2989ADF22EE05060069EFF0 /* ContactsUsecase.swift in Sources */,
				A2989ACD22EC8FC00069EFF0 /* Encoder+Dictionary.swift in Sources */,
				A2989AF222EE2C1C0069EFF0 /* Loader.swift in Sources */,
				A2989AD322EC9FFC0069EFF0 /* ContactsInfoResponse.swift in Sources */,
				A2989AE622EE184E0069EFF0 /* ContactDetailsViewModel.swift in Sources */,
				A2989AC722EB3FCC0069EFF0 /* ServerConfig.swift in Sources */,
				A246691622F14ECC009BE7D7 /* AddEditContactDetailsViewController+TextViewDelegate.swift in Sources */,
				A2989ABA22EB17FE0069EFF0 /* HomeScreenViewController.swift in Sources */,
				A2989ADD22EDA4170069EFF0 /* ContactDetailsCRUDUsecase.swift in Sources */,
				A2989ACA22EC88130069EFF0 /* ContactInfoRequest.swift in Sources */,
				A246691422F14E59009BE7D7 /* KeyboardAvoiding.swift in Sources */,
				A2989AED22EE26200069EFF0 /* Collection+Subscript.swift in Sources */,
				A274460522EEF728003B12E6 /* GradientView.swift in Sources */,
				A2989AE922EE20620069EFF0 /* ContactListViewModel+TableView.swift in Sources */,
				A2989ACF22EC9E540069EFF0 /* ServiceType.swift in Sources */,
			);
			runOnlyForDeploymentPostprocessing = 0;
		};
		A2B1322722F18CD60023A132 /* Sources */ = {
			isa = PBXSourcesBuildPhase;
			buildActionMask = 2147483647;
			files = (
				A2B1322E22F18CD60023A132 /* iOSContactDetailsUnitTests.swift in Sources */,
			);
			runOnlyForDeploymentPostprocessing = 0;
		};
		A2B1323522F18D150023A132 /* Sources */ = {
			isa = PBXSourcesBuildPhase;
			buildActionMask = 2147483647;
			files = (
				A2B1323C22F18D150023A132 /* iOSContactDetailsUITests.swift in Sources */,
			);
			runOnlyForDeploymentPostprocessing = 0;
		};
/* End PBXSourcesBuildPhase section */

/* Begin PBXTargetDependency section */
		A2B1323122F18CD60023A132 /* PBXTargetDependency */ = {
			isa = PBXTargetDependency;
			target = A2989AA222EB17A00069EFF0 /* iOSContactDetails */;
			targetProxy = A2B1323022F18CD60023A132 /* PBXContainerItemProxy */;
		};
		A2B1323F22F18D150023A132 /* PBXTargetDependency */ = {
			isa = PBXTargetDependency;
			target = A2989AA222EB17A00069EFF0 /* iOSContactDetails */;
			targetProxy = A2B1323E22F18D150023A132 /* PBXContainerItemProxy */;
		};
/* End PBXTargetDependency section */

/* Begin XCBuildConfiguration section */
		A2989AB322EB17A70069EFF0 /* Debug */ = {
			isa = XCBuildConfiguration;
			buildSettings = {
				ALWAYS_SEARCH_USER_PATHS = NO;
				CLANG_ANALYZER_NONNULL = YES;
				CLANG_ANALYZER_NUMBER_OBJECT_CONVERSION = YES_AGGRESSIVE;
				CLANG_CXX_LANGUAGE_STANDARD = "gnu++14";
				CLANG_CXX_LIBRARY = "libc++";
				CLANG_ENABLE_MODULES = YES;
				CLANG_ENABLE_OBJC_ARC = YES;
				CLANG_ENABLE_OBJC_WEAK = YES;
				CLANG_WARN_BLOCK_CAPTURE_AUTORELEASING = YES;
				CLANG_WARN_BOOL_CONVERSION = YES;
				CLANG_WARN_COMMA = YES;
				CLANG_WARN_CONSTANT_CONVERSION = YES;
				CLANG_WARN_DEPRECATED_OBJC_IMPLEMENTATIONS = YES;
				CLANG_WARN_DIRECT_OBJC_ISA_USAGE = YES_ERROR;
				CLANG_WARN_DOCUMENTATION_COMMENTS = YES;
				CLANG_WARN_EMPTY_BODY = YES;
				CLANG_WARN_ENUM_CONVERSION = YES;
				CLANG_WARN_INFINITE_RECURSION = YES;
				CLANG_WARN_INT_CONVERSION = YES;
				CLANG_WARN_NON_LITERAL_NULL_CONVERSION = YES;
				CLANG_WARN_OBJC_IMPLICIT_RETAIN_SELF = YES;
				CLANG_WARN_OBJC_LITERAL_CONVERSION = YES;
				CLANG_WARN_OBJC_ROOT_CLASS = YES_ERROR;
				CLANG_WARN_RANGE_LOOP_ANALYSIS = YES;
				CLANG_WARN_STRICT_PROTOTYPES = YES;
				CLANG_WARN_SUSPICIOUS_MOVE = YES;
				CLANG_WARN_UNGUARDED_AVAILABILITY = YES_AGGRESSIVE;
				CLANG_WARN_UNREACHABLE_CODE = YES;
				CLANG_WARN__DUPLICATE_METHOD_MATCH = YES;
				CODE_SIGN_IDENTITY = "iPhone Developer";
				COPY_PHASE_STRIP = NO;
				DEBUG_INFORMATION_FORMAT = dwarf;
				ENABLE_STRICT_OBJC_MSGSEND = YES;
				ENABLE_TESTABILITY = YES;
				GCC_C_LANGUAGE_STANDARD = gnu11;
				GCC_DYNAMIC_NO_PIC = NO;
				GCC_NO_COMMON_BLOCKS = YES;
				GCC_OPTIMIZATION_LEVEL = 0;
				GCC_PREPROCESSOR_DEFINITIONS = (
					"DEBUG=1",
					"$(inherited)",
				);
				GCC_WARN_64_TO_32_BIT_CONVERSION = YES;
				GCC_WARN_ABOUT_RETURN_TYPE = YES_ERROR;
				GCC_WARN_UNDECLARED_SELECTOR = YES;
				GCC_WARN_UNINITIALIZED_AUTOS = YES_AGGRESSIVE;
				GCC_WARN_UNUSED_FUNCTION = YES;
				GCC_WARN_UNUSED_VARIABLE = YES;
				IPHONEOS_DEPLOYMENT_TARGET = 12.2;
				MTL_ENABLE_DEBUG_INFO = INCLUDE_SOURCE;
				MTL_FAST_MATH = YES;
				ONLY_ACTIVE_ARCH = YES;
				SDKROOT = iphoneos;
				SWIFT_ACTIVE_COMPILATION_CONDITIONS = DEBUG;
				SWIFT_OPTIMIZATION_LEVEL = "-Onone";
			};
			name = Debug;
		};
		A2989AB422EB17A70069EFF0 /* Release */ = {
			isa = XCBuildConfiguration;
			buildSettings = {
				ALWAYS_SEARCH_USER_PATHS = NO;
				CLANG_ANALYZER_NONNULL = YES;
				CLANG_ANALYZER_NUMBER_OBJECT_CONVERSION = YES_AGGRESSIVE;
				CLANG_CXX_LANGUAGE_STANDARD = "gnu++14";
				CLANG_CXX_LIBRARY = "libc++";
				CLANG_ENABLE_MODULES = YES;
				CLANG_ENABLE_OBJC_ARC = YES;
				CLANG_ENABLE_OBJC_WEAK = YES;
				CLANG_WARN_BLOCK_CAPTURE_AUTORELEASING = YES;
				CLANG_WARN_BOOL_CONVERSION = YES;
				CLANG_WARN_COMMA = YES;
				CLANG_WARN_CONSTANT_CONVERSION = YES;
				CLANG_WARN_DEPRECATED_OBJC_IMPLEMENTATIONS = YES;
				CLANG_WARN_DIRECT_OBJC_ISA_USAGE = YES_ERROR;
				CLANG_WARN_DOCUMENTATION_COMMENTS = YES;
				CLANG_WARN_EMPTY_BODY = YES;
				CLANG_WARN_ENUM_CONVERSION = YES;
				CLANG_WARN_INFINITE_RECURSION = YES;
				CLANG_WARN_INT_CONVERSION = YES;
				CLANG_WARN_NON_LITERAL_NULL_CONVERSION = YES;
				CLANG_WARN_OBJC_IMPLICIT_RETAIN_SELF = YES;
				CLANG_WARN_OBJC_LITERAL_CONVERSION = YES;
				CLANG_WARN_OBJC_ROOT_CLASS = YES_ERROR;
				CLANG_WARN_RANGE_LOOP_ANALYSIS = YES;
				CLANG_WARN_STRICT_PROTOTYPES = YES;
				CLANG_WARN_SUSPICIOUS_MOVE = YES;
				CLANG_WARN_UNGUARDED_AVAILABILITY = YES_AGGRESSIVE;
				CLANG_WARN_UNREACHABLE_CODE = YES;
				CLANG_WARN__DUPLICATE_METHOD_MATCH = YES;
				CODE_SIGN_IDENTITY = "iPhone Developer";
				COPY_PHASE_STRIP = NO;
				DEBUG_INFORMATION_FORMAT = "dwarf-with-dsym";
				ENABLE_NS_ASSERTIONS = NO;
				ENABLE_STRICT_OBJC_MSGSEND = YES;
				GCC_C_LANGUAGE_STANDARD = gnu11;
				GCC_NO_COMMON_BLOCKS = YES;
				GCC_WARN_64_TO_32_BIT_CONVERSION = YES;
				GCC_WARN_ABOUT_RETURN_TYPE = YES_ERROR;
				GCC_WARN_UNDECLARED_SELECTOR = YES;
				GCC_WARN_UNINITIALIZED_AUTOS = YES_AGGRESSIVE;
				GCC_WARN_UNUSED_FUNCTION = YES;
				GCC_WARN_UNUSED_VARIABLE = YES;
				IPHONEOS_DEPLOYMENT_TARGET = 12.2;
				MTL_ENABLE_DEBUG_INFO = NO;
				MTL_FAST_MATH = YES;
				SDKROOT = iphoneos;
				SWIFT_COMPILATION_MODE = wholemodule;
				SWIFT_OPTIMIZATION_LEVEL = "-O";
				VALIDATE_PRODUCT = YES;
			};
			name = Release;
		};
		A2989AB622EB17A70069EFF0 /* Debug */ = {
			isa = XCBuildConfiguration;
			baseConfigurationReference = AADC5109082E96858210970D /* Pods-iOSContactDetails.debug.xcconfig */;
			buildSettings = {
				ASSETCATALOG_COMPILER_APPICON_NAME = AppIcon;
				CODE_SIGN_STYLE = Automatic;
				DEVELOPMENT_TEAM = 998QCUR89P;
				INFOPLIST_FILE = iOSContactDetails/Info.plist;
				LD_RUNPATH_SEARCH_PATHS = (
					"$(inherited)",
					"@executable_path/Frameworks",
				);
				PRODUCT_BUNDLE_IDENTIFIER = com.Balraj.iOSContactDetails;
				PRODUCT_NAME = "$(TARGET_NAME)";
				SWIFT_VERSION = 5.0;
				TARGETED_DEVICE_FAMILY = "1,2";
			};
			name = Debug;
		};
		A2989AB722EB17A70069EFF0 /* Release */ = {
			isa = XCBuildConfiguration;
			baseConfigurationReference = 84C56F0E04B0F444EA5311CD /* Pods-iOSContactDetails.release.xcconfig */;
			buildSettings = {
				ASSETCATALOG_COMPILER_APPICON_NAME = AppIcon;
				CODE_SIGN_STYLE = Automatic;
				DEVELOPMENT_TEAM = 998QCUR89P;
				INFOPLIST_FILE = iOSContactDetails/Info.plist;
				LD_RUNPATH_SEARCH_PATHS = (
					"$(inherited)",
					"@executable_path/Frameworks",
				);
				PRODUCT_BUNDLE_IDENTIFIER = com.Balraj.iOSContactDetails;
				PRODUCT_NAME = "$(TARGET_NAME)";
				SWIFT_VERSION = 5.0;
				TARGETED_DEVICE_FAMILY = "1,2";
			};
			name = Release;
		};
		A2B1323222F18CD60023A132 /* Debug */ = {
			isa = XCBuildConfiguration;
			buildSettings = {
				BUNDLE_LOADER = "$(TEST_HOST)";
				CODE_SIGN_STYLE = Automatic;
				DEVELOPMENT_TEAM = 998QCUR89P;
				INFOPLIST_FILE = iOSContactDetailsUnitTests/Info.plist;
				LD_RUNPATH_SEARCH_PATHS = (
					"$(inherited)",
					"@executable_path/Frameworks",
					"@loader_path/Frameworks",
				);
				PRODUCT_BUNDLE_IDENTIFIER = com.Balraj.iOSContactDetailsUnitTests;
				PRODUCT_NAME = "$(TARGET_NAME)";
				SWIFT_VERSION = 5.0;
				TARGETED_DEVICE_FAMILY = "1,2";
				TEST_HOST = "$(BUILT_PRODUCTS_DIR)/iOSContactDetails.app/iOSContactDetails";
			};
			name = Debug;
		};
		A2B1323322F18CD60023A132 /* Release */ = {
			isa = XCBuildConfiguration;
			buildSettings = {
				BUNDLE_LOADER = "$(TEST_HOST)";
				CODE_SIGN_STYLE = Automatic;
				DEVELOPMENT_TEAM = 998QCUR89P;
				INFOPLIST_FILE = iOSContactDetailsUnitTests/Info.plist;
				LD_RUNPATH_SEARCH_PATHS = (
					"$(inherited)",
					"@executable_path/Frameworks",
					"@loader_path/Frameworks",
				);
				PRODUCT_BUNDLE_IDENTIFIER = com.Balraj.iOSContactDetailsUnitTests;
				PRODUCT_NAME = "$(TARGET_NAME)";
				SWIFT_VERSION = 5.0;
				TARGETED_DEVICE_FAMILY = "1,2";
				TEST_HOST = "$(BUILT_PRODUCTS_DIR)/iOSContactDetails.app/iOSContactDetails";
			};
			name = Release;
		};
		A2B1324122F18D150023A132 /* Debug */ = {
			isa = XCBuildConfiguration;
			buildSettings = {
				CODE_SIGN_STYLE = Automatic;
				DEVELOPMENT_TEAM = 998QCUR89P;
				INFOPLIST_FILE = iOSContactDetailsUITests/Info.plist;
				LD_RUNPATH_SEARCH_PATHS = (
					"$(inherited)",
					"@executable_path/Frameworks",
					"@loader_path/Frameworks",
				);
				PRODUCT_BUNDLE_IDENTIFIER = com.Balraj.iOSContactDetailsUITests;
				PRODUCT_NAME = "$(TARGET_NAME)";
				SWIFT_VERSION = 5.0;
				TARGETED_DEVICE_FAMILY = "1,2";
				TEST_TARGET_NAME = iOSContactDetails;
			};
			name = Debug;
		};
		A2B1324222F18D150023A132 /* Release */ = {
			isa = XCBuildConfiguration;
			buildSettings = {
				CODE_SIGN_STYLE = Automatic;
				DEVELOPMENT_TEAM = 998QCUR89P;
				INFOPLIST_FILE = iOSContactDetailsUITests/Info.plist;
				LD_RUNPATH_SEARCH_PATHS = (
					"$(inherited)",
					"@executable_path/Frameworks",
					"@loader_path/Frameworks",
				);
				PRODUCT_BUNDLE_IDENTIFIER = com.Balraj.iOSContactDetailsUITests;
				PRODUCT_NAME = "$(TARGET_NAME)";
				SWIFT_VERSION = 5.0;
				TARGETED_DEVICE_FAMILY = "1,2";
				TEST_TARGET_NAME = iOSContactDetails;
			};
			name = Release;
		};
/* End XCBuildConfiguration section */

/* Begin XCConfigurationList section */
		A2989A9E22EB17A00069EFF0 /* Build configuration list for PBXProject "iOSContactDetails" */ = {
			isa = XCConfigurationList;
			buildConfigurations = (
				A2989AB322EB17A70069EFF0 /* Debug */,
				A2989AB422EB17A70069EFF0 /* Release */,
			);
			defaultConfigurationIsVisible = 0;
			defaultConfigurationName = Release;
		};
		A2989AB522EB17A70069EFF0 /* Build configuration list for PBXNativeTarget "iOSContactDetails" */ = {
			isa = XCConfigurationList;
			buildConfigurations = (
				A2989AB622EB17A70069EFF0 /* Debug */,
				A2989AB722EB17A70069EFF0 /* Release */,
			);
			defaultConfigurationIsVisible = 0;
			defaultConfigurationName = Release;
		};
		A2B1323422F18CD60023A132 /* Build configuration list for PBXNativeTarget "iOSContactDetailsUnitTests" */ = {
			isa = XCConfigurationList;
			buildConfigurations = (
				A2B1323222F18CD60023A132 /* Debug */,
				A2B1323322F18CD60023A132 /* Release */,
			);
			defaultConfigurationIsVisible = 0;
			defaultConfigurationName = Release;
		};
		A2B1324022F18D150023A132 /* Build configuration list for PBXNativeTarget "iOSContactDetailsUITests" */ = {
			isa = XCConfigurationList;
			buildConfigurations = (
				A2B1324122F18D150023A132 /* Debug */,
				A2B1324222F18D150023A132 /* Release */,
			);
			defaultConfigurationIsVisible = 0;
			defaultConfigurationName = Release;
		};
/* End XCConfigurationList section */
	};
	rootObject = A2989A9B22EB17A00069EFF0 /* Project object */;
}
